
Microsoft Visual Studio Solution File, Format Version 12.00
# Visual Studio Version 16
VisualStudioVersion = 16.0.30517.126
MinimumVisualStudioVersion = 10.0.40219.1
Project("{FAE04EC0-301F-11D3-BF4B-00C04F79EFBC}") = "AuthenticationAPI", "AuthenticationAPI\AuthenticationAPI.csproj", "{173B8E3A-0222-40D3-837F-F43753500D90}"
EndProject
Project("{FAE04EC0-301F-11D3-BF4B-00C04F79EFBC}") = "Helper", "Helper\Helper.csproj", "{B34762F5-4D42-4D55-B55D-BD6E6530D607}"
EndProject
Project("{FAE04EC0-301F-11D3-BF4B-00C04F79EFBC}") = "Entities", "Entities\Entities.csproj", "{AFFF4FE3-F3C9-4B83-9837-FFEB208522D7}"
EndProject
Project("{FAE04EC0-301F-11D3-BF4B-00C04F79EFBC}") = "Services", "Services\Services.csproj", "{02862732-6C1B-45A2-A358-446B5006C737}"
EndProject
Project("{FAE04EC0-301F-11D3-BF4B-00C04F79EFBC}") = "Interfaces", "Interfaces\Interfaces.csproj", "{DBE3393B-2318-4A6A-AB1E-46E39F0687FE}"
EndProject
Global
	GlobalSection(SolutionConfigurationPlatforms) = preSolution
		Debug|Any CPU = Debug|Any CPU
		Release|Any CPU = Release|Any CPU
	EndGlobalSection
	GlobalSection(ProjectConfigurationPlatforms) = postSolution
		{173B8E3A-0222-40D3-837F-F43753500D90}.Debug|Any CPU.ActiveCfg = Debug|Any CPU
		{173B8E3A-0222-40D3-837F-F43753500D90}.Debug|Any CPU.Build.0 = Debug|Any CPU
		{173B8E3A-0222-40D3-837F-F43753500D90}.Release|Any CPU.ActiveCfg = Release|Any CPU
		{173B8E3A-0222-40D3-837F-F43753500D90}.Release|Any CPU.Build.0 = Release|Any CPU
		{B34762F5-4D42-4D55-B55D-BD6E6530D607}.Debug|Any CPU.ActiveCfg = Debug|Any CPU
		{B34762F5-4D42-4D55-B55D-BD6E6530D607}.Debug|Any CPU.Build.0 = Debug|Any CPU
		{B34762F5-4D42-4D55-B55D-BD6E6530D607}.Release|Any CPU.ActiveCfg = Release|Any CPU
		{B34762F5-4D42-4D55-B55D-BD6E6530D607}.Release|Any CPU.Build.0 = Release|Any CPU
		{AFFF4FE3-F3C9-4B83-9837-FFEB208522D7}.Debug|Any CPU.ActiveCfg = Debug|Any CPU
		{AFFF4FE3-F3C9-4B83-9837-FFEB208522D7}.Debug|Any CPU.Build.0 = Debug|Any CPU
		{AFFF4FE3-F3C9-4B83-9837-FFEB208522D7}.Release|Any CPU.ActiveCfg = Release|Any CPU
		{AFFF4FE3-F3C9-4B83-9837-FFEB208522D7}.Release|Any CPU.Build.0 = Release|Any CPU
		{02862732-6C1B-45A2-A358-446B5006C737}.Debug|Any CPU.ActiveCfg = Debug|Any CPU
		{02862732-6C1B-45A2-A358-446B5006C737}.Debug|Any CPU.Build.0 = Debug|Any CPU
		{02862732-6C1B-45A2-A358-446B5006C737}.Release|Any CPU.ActiveCfg = Release|Any CPU
		{02862732-6C1B-45A2-A358-446B5006C737}.Release|Any CPU.Build.0 = Release|Any CPU
		{DBE3393B-2318-4A6A-AB1E-46E39F0687FE}.Debug|Any CPU.ActiveCfg = Debug|Any CPU
		{DBE3393B-2318-4A6A-AB1E-46E39F0687FE}.Debug|Any CPU.Build.0 = Debug|Any CPU
		{DBE3393B-2318-4A6A-AB1E-46E39F0687FE}.Release|Any CPU.ActiveCfg = Release|Any CPU
		{DBE3393B-2318-4A6A-AB1E-46E39F0687FE}.Release|Any CPU.Build.0 = Release|Any CPU
	EndGlobalSection
	GlobalSection(SolutionProperties) = preSolution
		HideSolutionNode = FALSE
	EndGlobalSection
	GlobalSection(ExtensibilityGlobals) = postSolution
		SolutionGuid = {17ABE0AF-9020-4ABD-8165-17FF9516B990}
	EndGlobalSection
EndGlobal
